
Microsoft Visual Studio Solution File, Format Version 12.00
# Visual Studio Version 17
VisualStudioVersion = 17.0.31903.59
MinimumVisualStudioVersion = 10.0.40219.1
Project("{2150E333-8FDC-42A3-9474-1A3956D46DE8}") = "src", "src", "{827E0CD3-B72D-47B6-A68D-7590B98EB39B}"
EndProject
Project("{FAE04EC0-301F-11D3-BF4B-00C04F79EFBC}") = "Store.Domain", "src\Store.Domain\Store.Domain.csproj", "{C273DD84-B3A3-43D3-BD44-BFB674086466}"
EndProject
Project("{FAE04EC0-301F-11D3-BF4B-00C04F79EFBC}") = "Store.Application", "src\Store.Application\Store.Application.csproj", "{D45A66DC-E4FA-495D-9C47-ED4D9E93536C}"
EndProject
Project("{FAE04EC0-301F-11D3-BF4B-00C04F79EFBC}") = "Store.Infrastructure", "src\Store.Infrastructure\Store.Infrastructure.csproj", "{C24C1E12-EBFB-4B1E-B923-C61135473EDB}"
EndProject
Project("{FAE04EC0-301F-11D3-BF4B-00C04F79EFBC}") = "Store.API", "src\Store.API\Store.API.csproj", "{7A0EE6C4-D672-4504-812F-212E147DD0CA}"
EndProject
Project("{FAE04EC0-301F-11D3-BF4B-00C04F79EFBC}") = "Store.Tests", "tests\Store.Tests\Store.Tests.csproj", "{9C8C6460-3BE2-4704-823D-765455AAFA53}"
EndProject
Global
	GlobalSection(SolutionConfigurationPlatforms) = preSolution
		Debug|Any CPU = Debug|Any CPU
		Debug|x64 = Debug|x64
		Debug|x86 = Debug|x86
		Release|Any CPU = Release|Any CPU
		Release|x64 = Release|x64
		Release|x86 = Release|x86
	EndGlobalSection
	GlobalSection(ProjectConfigurationPlatforms) = postSolution
		{C273DD84-B3A3-43D3-BD44-BFB674086466}.Debug|Any CPU.ActiveCfg = Debug|Any CPU
		{C273DD84-B3A3-43D3-BD44-BFB674086466}.Debug|Any CPU.Build.0 = Debug|Any CPU
		{C273DD84-B3A3-43D3-BD44-BFB674086466}.Debug|x64.ActiveCfg = Debug|Any CPU
		{C273DD84-B3A3-43D3-BD44-BFB674086466}.Debug|x64.Build.0 = Debug|Any CPU
		{C273DD84-B3A3-43D3-BD44-BFB674086466}.Debug|x86.ActiveCfg = Debug|Any CPU
		{C273DD84-B3A3-43D3-BD44-BFB674086466}.Debug|x86.Build.0 = Debug|Any CPU
		{C273DD84-B3A3-43D3-BD44-BFB674086466}.Release|Any CPU.ActiveCfg = Release|Any CPU
		{C273DD84-B3A3-43D3-BD44-BFB674086466}.Release|Any CPU.Build.0 = Release|Any CPU
		{C273DD84-B3A3-43D3-BD44-BFB674086466}.Release|x64.ActiveCfg = Release|Any CPU
		{C273DD84-B3A3-43D3-BD44-BFB674086466}.Release|x64.Build.0 = Release|Any CPU
		{C273DD84-B3A3-43D3-BD44-BFB674086466}.Release|x86.ActiveCfg = Release|Any CPU
		{C273DD84-B3A3-43D3-BD44-BFB674086466}.Release|x86.Build.0 = Release|Any CPU
		{D45A66DC-E4FA-495D-9C47-ED4D9E93536C}.Debug|Any CPU.ActiveCfg = Debug|Any CPU
		{D45A66DC-E4FA-495D-9C47-ED4D9E93536C}.Debug|Any CPU.Build.0 = Debug|Any CPU
		{D45A66DC-E4FA-495D-9C47-ED4D9E93536C}.Debug|x64.ActiveCfg = Debug|Any CPU
		{D45A66DC-E4FA-495D-9C47-ED4D9E93536C}.Debug|x64.Build.0 = Debug|Any CPU
		{D45A66DC-E4FA-495D-9C47-ED4D9E93536C}.Debug|x86.ActiveCfg = Debug|Any CPU
		{D45A66DC-E4FA-495D-9C47-ED4D9E93536C}.Debug|x86.Build.0 = Debug|Any CPU
		{D45A66DC-E4FA-495D-9C47-ED4D9E93536C}.Release|Any CPU.ActiveCfg = Release|Any CPU
		{D45A66DC-E4FA-495D-9C47-ED4D9E93536C}.Release|Any CPU.Build.0 = Release|Any CPU
		{D45A66DC-E4FA-495D-9C47-ED4D9E93536C}.Release|x64.ActiveCfg = Release|Any CPU
		{D45A66DC-E4FA-495D-9C47-ED4D9E93536C}.Release|x64.Build.0 = Release|Any CPU
		{D45A66DC-E4FA-495D-9C47-ED4D9E93536C}.Release|x86.ActiveCfg = Release|Any CPU
		{D45A66DC-E4FA-495D-9C47-ED4D9E93536C}.Release|x86.Build.0 = Release|Any CPU
		{C24C1E12-EBFB-4B1E-B923-C61135473EDB}.Debug|Any CPU.ActiveCfg = Debug|Any CPU
		{C24C1E12-EBFB-4B1E-B923-C61135473EDB}.Debug|Any CPU.Build.0 = Debug|Any CPU
		{C24C1E12-EBFB-4B1E-B923-C61135473EDB}.Debug|x64.ActiveCfg = Debug|Any CPU
		{C24C1E12-EBFB-4B1E-B923-C61135473EDB}.Debug|x64.Build.0 = Debug|Any CPU
		{C24C1E12-EBFB-4B1E-B923-C61135473EDB}.Debug|x86.ActiveCfg = Debug|Any CPU
		{C24C1E12-EBFB-4B1E-B923-C61135473EDB}.Debug|x86.Build.0 = Debug|Any CPU
		{C24C1E12-EBFB-4B1E-B923-C61135473EDB}.Release|Any CPU.ActiveCfg = Release|Any CPU
		{C24C1E12-EBFB-4B1E-B923-C61135473EDB}.Release|Any CPU.Build.0 = Release|Any CPU
		{C24C1E12-EBFB-4B1E-B923-C61135473EDB}.Release|x64.ActiveCfg = Release|Any CPU
		{C24C1E12-EBFB-4B1E-B923-C61135473EDB}.Release|x64.Build.0 = Release|Any CPU
		{C24C1E12-EBFB-4B1E-B923-C61135473EDB}.Release|x86.ActiveCfg = Release|Any CPU
		{C24C1E12-EBFB-4B1E-B923-C61135473EDB}.Release|x86.Build.0 = Release|Any CPU
		{7A0EE6C4-D672-4504-812F-212E147DD0CA}.Debug|Any CPU.ActiveCfg = Debug|Any CPU
		{7A0EE6C4-D672-4504-812F-212E147DD0CA}.Debug|Any CPU.Build.0 = Debug|Any CPU
		{7A0EE6C4-D672-4504-812F-212E147DD0CA}.Debug|x64.ActiveCfg = Debug|Any CPU
		{7A0EE6C4-D672-4504-812F-212E147DD0CA}.Debug|x64.Build.0 = Debug|Any CPU
		{7A0EE6C4-D672-4504-812F-212E147DD0CA}.Debug|x86.ActiveCfg = Debug|Any CPU
		{7A0EE6C4-D672-4504-812F-212E147DD0CA}.Debug|x86.Build.0 = Debug|Any CPU
		{7A0EE6C4-D672-4504-812F-212E147DD0CA}.Release|Any CPU.ActiveCfg = Release|Any CPU
		{7A0EE6C4-D672-4504-812F-212E147DD0CA}.Release|Any CPU.Build.0 = Release|Any CPU
		{7A0EE6C4-D672-4504-812F-212E147DD0CA}.Release|x64.ActiveCfg = Release|Any CPU
		{7A0EE6C4-D672-4504-812F-212E147DD0CA}.Release|x64.Build.0 = Release|Any CPU
		{7A0EE6C4-D672-4504-812F-212E147DD0CA}.Release|x86.ActiveCfg = Release|Any CPU
		{7A0EE6C4-D672-4504-812F-212E147DD0CA}.Release|x86.Build.0 = Release|Any CPU
		{9C8C6460-3BE2-4704-823D-765455AAFA53}.Debug|Any CPU.ActiveCfg = Debug|Any CPU
		{9C8C6460-3BE2-4704-823D-765455AAFA53}.Debug|Any CPU.Build.0 = Debug|Any CPU
		{9C8C6460-3BE2-4704-823D-765455AAFA53}.Debug|x64.ActiveCfg = Debug|Any CPU
		{9C8C6460-3BE2-4704-823D-765455AAFA53}.Debug|x64.Build.0 = Debug|Any CPU
		{9C8C6460-3BE2-4704-823D-765455AAFA53}.Debug|x86.ActiveCfg = Debug|Any CPU
		{9C8C6460-3BE2-4704-823D-765455AAFA53}.Debug|x86.Build.0 = Debug|Any CPU
		{9C8C6460-3BE2-4704-823D-765455AAFA53}.Release|Any CPU.ActiveCfg = Release|Any CPU
		{9C8C6460-3BE2-4704-823D-765455AAFA53}.Release|Any CPU.Build.0 = Release|Any CPU
		{9C8C6460-3BE2-4704-823D-765455AAFA53}.Release|x64.ActiveCfg = Release|Any CPU
		{9C8C6460-3BE2-4704-823D-765455AAFA53}.Release|x64.Build.0 = Release|Any CPU
		{9C8C6460-3BE2-4704-823D-765455AAFA53}.Release|x86.ActiveCfg = Release|Any CPU
		{9C8C6460-3BE2-4704-823D-765455AAFA53}.Release|x86.Build.0 = Release|Any CPU
	EndGlobalSection
	GlobalSection(SolutionProperties) = preSolution
		HideSolutionNode = FALSE
	EndGlobalSection
	GlobalSection(NestedProjects) = preSolution
		{C273DD84-B3A3-43D3-BD44-BFB674086466} = {827E0CD3-B72D-47B6-A68D-7590B98EB39B}
		{D45A66DC-E4FA-495D-9C47-ED4D9E93536C} = {827E0CD3-B72D-47B6-A68D-7590B98EB39B}
		{C24C1E12-EBFB-4B1E-B923-C61135473EDB} = {827E0CD3-B72D-47B6-A68D-7590B98EB39B}
		{7A0EE6C4-D672-4504-812F-212E147DD0CA} = {827E0CD3-B72D-47B6-A68D-7590B98EB39B}
		{9C8C6460-3BE2-4704-823D-765455AAFA53} = {827E0CD3-B72D-47B6-A68D-7590B98EB39B}
	EndGlobalSection
EndGlobal
